Microsoft Visual Studio Solution File, Format Version 12.00
# Visual Studio 14
VisualStudioVersion = 14.0.25123.0
MinimumVisualStudioVersion = 10.0.40219.1
Project("{8BC9CEB8-8B4A-11D0-8D11-00A0C91BC942}") = "rex_ground_calib", "rex_ground_calib\rex_ground_calib.vcxproj", "{8157D371-BDF2-4D37-8CEB-6CB53E7F60FC}"
EndProject
Project("{8BC9CEB8-8B4A-11D0-8D11-00A0C91BC942}") = "rex_odom2pose", "rex_odom2pose\rex_odom2pose.vcxproj", "{AF9FA0CD-2A7B-46F8-82FC-6810A02E5C73}"
EndProject
Project("{8BC9CEB8-8B4A-11D0-8D11-00A0C91BC942}") = "rex_zed_wrapper", "rex_zed_wrapper\rex_zed_wrapper.vcxproj", "{2A244A1A-2A34-4B45-82CB-FDE335BFC153}"
EndProject
Project("{8BC9CEB8-8B4A-11D0-8D11-00A0C91BC942}") = "rex_gridmapping", "rex_gridmapping\rex_gridmapping.vcxproj", "{E2B897D8-99AB-4F60-A8F3-5B013897F618}"
EndProject
Project("{8BC9CEB8-8B4A-11D0-8D11-00A0C91BC942}") = "rex_traversibility", "rex_traversibility\rex_traversibility.vcxproj", "{B1CEC3B1-91EC-4533-A16E-02F872CA53F6}"
EndProject
Global
	GlobalSection(SolutionConfigurationPlatforms) = preSolution
		Debug|x86 = Debug|x86
		Release|x86 = Release|x86
	EndGlobalSection
	GlobalSection(ProjectConfigurationPlatforms) = postSolution
		{8157D371-BDF2-4D37-8CEB-6CB53E7F60FC}.Debug|x86.ActiveCfg = Debug|Win32
		{8157D371-BDF2-4D37-8CEB-6CB53E7F60FC}.Debug|x86.Build.0 = Debug|Win32
		{8157D371-BDF2-4D37-8CEB-6CB53E7F60FC}.Release|x86.ActiveCfg = Release|Win32
		{8157D371-BDF2-4D37-8CEB-6CB53E7F60FC}.Release|x86.Build.0 = Release|Win32
		{AF9FA0CD-2A7B-46F8-82FC-6810A02E5C73}.Debug|x86.ActiveCfg = Debug|Win32
		{AF9FA0CD-2A7B-46F8-82FC-6810A02E5C73}.Debug|x86.Build.0 = Debug|Win32
		{AF9FA0CD-2A7B-46F8-82FC-6810A02E5C73}.Release|x86.ActiveCfg = Release|Win32
		{AF9FA0CD-2A7B-46F8-82FC-6810A02E5C73}.Release|x86.Build.0 = Release|Win32
		{2A244A1A-2A34-4B45-82CB-FDE335BFC153}.Debug|x86.ActiveCfg = Debug|Win32
		{2A244A1A-2A34-4B45-82CB-FDE335BFC153}.Debug|x86.Build.0 = Debug|Win32
		{2A244A1A-2A34-4B45-82CB-FDE335BFC153}.Release|x86.ActiveCfg = Release|Win32
		{2A244A1A-2A34-4B45-82CB-FDE335BFC153}.Release|x86.Build.0 = Release|Win32
		{E2B897D8-99AB-4F60-A8F3-5B013897F618}.Debug|x86.ActiveCfg = Debug|Win32
		{E2B897D8-99AB-4F60-A8F3-5B013897F618}.Debug|x86.Build.0 = Debug|Win32
		{E2B897D8-99AB-4F60-A8F3-5B013897F618}.Release|x86.ActiveCfg = Release|Win32
		{E2B897D8-99AB-4F60-A8F3-5B013897F618}.Release|x86.Build.0 = Release|Win32
		{B1CEC3B1-91EC-4533-A16E-02F872CA53F6}.Debug|x86.ActiveCfg = Debug|Win32
		{B1CEC3B1-91EC-4533-A16E-02F872CA53F6}.Debug|x86.Build.0 = Debug|Win32
		{B1CEC3B1-91EC-4533-A16E-02F872CA53F6}.Release|x86.ActiveCfg = Release|Win32
		{B1CEC3B1-91EC-4533-A16E-02F872CA53F6}.Release|x86.Build.0 = Release|Win32
	EndGlobalSection
	GlobalSection(SolutionProperties) = preSolution
		HideSolutionNode = FALSE
	EndGlobalSection
EndGlobal
