<?xml version="1.0" encoding="utf-8"?>
<Project ToolsVersion="4.0" xmlns="http://schemas.microsoft.com/developer/msbuild/2003">
  <ItemGroup>
    <Filter Include="VisualGDB settings">
      <UniqueIdentifier>{4f4d6dab-e29d-4704-99de-44784d2f8f89}</UniqueIdentifier>
      <Extensions>*.vgdbsettings</Extensions>
    </Filter>
    <Filter Include="src">
      <UniqueIdentifier>{2bdd3547-c3ab-401d-a858-8a0ddef9ae88}</UniqueIdentifier>
    </Filter>
    <Filter Include="include">
      <UniqueIdentifier>{1e6e7c46-33da-4670-8021-898a8193d691}</UniqueIdentifier>
    </Filter>
    <Filter Include="launch">
      <UniqueIdentifier>{4b96d9ec-f3bc-40d8-9af5-2cc8fdd8265c}</UniqueIdentifier>
    </Filter>
    <Filter Include="cfg">
      <UniqueIdentifier>{3060798e-1425-493a-874f-5d55fb5ae1f0}</UniqueIdentifier>
    </Filter>
    <Filter Include="src\sensor_processors">
      <UniqueIdentifier>{ba2dceea-d223-4ee9-a4a8-7017057921c9}</UniqueIdentifier>
    </Filter>
    <Filter Include="cfg\elevation_maps">
      <UniqueIdentifier>{03896fa1-b961-40fa-84b8-a892f3d1142d}</UniqueIdentifier>
    </Filter>
    <Filter Include="cfg\robots">
      <UniqueIdentifier>{f2ece273-40b7-400a-95c8-5d22c1b244de}</UniqueIdentifier>
    </Filter>
    <Filter Include="cfg\sensor_processors">
      <UniqueIdentifier>{2aacd762-764d-40c7-8408-fdf0e5f18a15}</UniqueIdentifier>
    </Filter>
    <Filter Include="cfg\visualization">
      <UniqueIdentifier>{b2e516f5-1bba-41bc-9678-b7a10b46cd6b}</UniqueIdentifier>
    </Filter>
    <Filter Include="include\sensor_processors">
      <UniqueIdentifier>{0b54e041-2437-464c-a75f-34f7a025ee61}</UniqueIdentifier>
    </Filter>
  </ItemGroup>
  <ItemGroup>
    <None Include="rex_gridmapping-Debug.vgdbsettings">
      <Filter>VisualGDB settings</Filter>
    </None>
    <None Include="rex_gridmapping-Release.vgdbsettings">
      <Filter>VisualGDB settings</Filter>
    </None>
    <None Include="config\elevation_maps\elev_rex.yaml">
      <Filter>cfg\elevation_maps</Filter>
    </None>
    <None Include="config\elevation_maps\long_range.yaml">
      <Filter>cfg\elevation_maps</Filter>
    </None>
    <None Include="config\elevation_maps\dense.yaml">
      <Filter>cfg\elevation_maps</Filter>
    </None>
    <None Include="config\visualization\raw.yaml">
      <Filter>cfg\visualization</Filter>
    </None>
    <None Include="config\visualization\fused.yaml">
      <Filter>cfg\visualization</Filter>
    </None>
    <None Include="config\sensor_processors\kinect_nguyen_et_al.yaml">
      <Filter>cfg\sensor_processors</Filter>
    </None>
    <None Include="config\sensor_processors\perfect.yaml">
      <Filter>cfg\sensor_processors</Filter>
    </None>
    <None Include="config\sensor_processors\primesense_carmine_109_short_range_datasheet.yaml">
      <Filter>cfg\sensor_processors</Filter>
    </None>
    <None Include="config\sensor_processors\primesense_carmine_109_short_range_uncalibrated.yaml">
      <Filter>cfg\sensor_processors</Filter>
    </None>
    <None Include="config\sensor_processors\sens_zed.yaml">
      <Filter>cfg\sensor_processors</Filter>
    </None>
    <None Include="config\sensor_processors\stereo2_zed.yaml">
      <Filter>cfg\sensor_processors</Filter>
    </None>
    <None Include="config\sensor_processors\velodyne_HDL-32E.yaml">
      <Filter>cfg\sensor_processors</Filter>
    </None>
    <None Include="config\sensor_processors\aslam.yaml">
      <Filter>cfg\sensor_processors</Filter>
    </None>
    <None Include="config\sensor_processors\hokuyo_utm-30lx.yaml">
      <Filter>cfg\sensor_processors</Filter>
    </None>
    <None Include="config\robots\robot_rex.yaml">
      <Filter>cfg\robots</Filter>
    </None>
    <None Include="config\robots\default.yaml">
      <Filter>cfg\robots</Filter>
    </None>
    <None Include="config\custom_rosconsole.conf">
      <Filter>cfg</Filter>
    </None>
    <None Include="launch\fake_tf.launch">
      <Filter>launch</Filter>
    </None>
    <None Include="launch\pcd.launch">
      <Filter>launch</Filter>
    </None>
    <None Include="launch\visualization.launch">
      <Filter>launch</Filter>
    </None>
    <None Include="launch\zedPipe.launch">
      <Filter>launch</Filter>
    </None>
    <None Include="config\elevation_maps\map_zed.yaml">
      <Filter>cfg\elevation_maps</Filter>
    </None>
    <None Include="config\elevation_maps\pcd.yaml">
      <Filter>cfg\elevation_maps</Filter>
    </None>
    <None Include="config\robots\none.yaml">
      <Filter>cfg\robots</Filter>
    </None>
    <None Include="config\sensor_processors\stereo2.yaml">
      <Filter>cfg\sensor_processors</Filter>
    </None>
    <None Include="cfg\dyn_rex_gridmapping.cfg">
      <Filter>cfg</Filter>
    </None>
  </ItemGroup>
  <ItemGroup>
    <Text Include="CMakeLists.txt" />
  </ItemGroup>
  <ItemGroup>
    <Xml Include="package.xml" />
  </ItemGroup>
  <ItemGroup>
    <ClCompile Include="src\elevation_mapping_node.cpp">
      <Filter>src</Filter>
    </ClCompile>
    <ClCompile Include="src\ElevationMap.cpp">
      <Filter>src</Filter>
    </ClCompile>
    <ClCompile Include="src\ElevationMapping.cpp">
      <Filter>src</Filter>
    </ClCompile>
    <ClCompile Include="src\RobotMotionMapUpdater.cpp">
      <Filter>src</Filter>
    </ClCompile>
    <ClCompile Include="src\sensor_processors\KinectSensorProcessor.cpp">
      <Filter>src\sensor_processors</Filter>
    </ClCompile>
    <ClCompile Include="src\sensor_processors\LaserSensorProcessor.cpp">
      <Filter>src\sensor_processors</Filter>
    </ClCompile>
    <ClCompile Include="src\sensor_processors\PerfectSensorProcessor.cpp">
      <Filter>src\sensor_processors</Filter>
    </ClCompile>
    <ClCompile Include="src\sensor_processors\SensorProcessorBase.cpp">
      <Filter>src\sensor_processors</Filter>
    </ClCompile>
    <ClCompile Include="src\sensor_processors\StereoSensorProcessor.cpp">
      <Filter>src\sensor_processors</Filter>
    </ClCompile>
    <ClCompile Include="src\sensor_processors\Stereo2SensorProcessor.cpp">
      <Filter>src\sensor_processors</Filter>
    </ClCompile>
  </ItemGroup>
  <ItemGroup>
    <ClInclude Include="include\elevation_mapping\ElevationMap.hpp">
      <Filter>include</Filter>
    </ClInclude>
    <ClInclude Include="include\elevation_mapping\ElevationMapFunctors.hpp">
      <Filter>include</Filter>
    </ClInclude>
    <ClInclude Include="include\elevation_mapping\ElevationMapping.hpp">
      <Filter>include</Filter>
    </ClInclude>
    <ClInclude Include="include\elevation_mapping\RobotMotionMapUpdater.hpp">
      <Filter>include</Filter>
    </ClInclude>
    <ClInclude Include="include\elevation_mapping\WeightedEmpiricalCumulativeDistributionFunction.hpp">
      <Filter>include</Filter>
    </ClInclude>
    <ClInclude Include="include\elevation_mapping\sensor_processors\PerfectSensorProcessor.hpp">
      <Filter>include\sensor_processors</Filter>
    </ClInclude>
    <ClInclude Include="include\elevation_mapping\sensor_processors\SensorProcessorBase.hpp">
      <Filter>include\sensor_processors</Filter>
    </ClInclude>
    <ClInclude Include="include\elevation_mapping\sensor_processors\StereoSensorProcessor.hpp">
      <Filter>include\sensor_processors</Filter>
    </ClInclude>
    <ClInclude Include="include\elevation_mapping\sensor_processors\KinectSensorProcessor.hpp">
      <Filter>include\sensor_processors</Filter>
    </ClInclude>
    <ClInclude Include="include\elevation_mapping\sensor_processors\LaserSensorProcessor.hpp">
      <Filter>include\sensor_processors</Filter>
    </ClInclude>
    <ClInclude Include="include\elevation_mapping\sensor_processors\Stereo2SensorProcessor.hpp">
      <Filter>include\sensor_processors</Filter>
    </ClInclude>
  </ItemGroup>
</Project>