<?xml version="1.0" encoding="utf-8"?>
<Project ToolsVersion="4.0" xmlns="http://schemas.microsoft.com/developer/msbuild/2003">
  <ItemGroup>
    <Filter Include="VisualGDB settings">
      <UniqueIdentifier>{4f4d6dab-e29d-4704-99de-44784d2f8f89}</UniqueIdentifier>
      <Extensions>*.vgdbsettings</Extensions>
    </Filter>
    <Filter Include="src">
      <UniqueIdentifier>{2bdd3547-c3ab-401d-a858-8a0ddef9ae88}</UniqueIdentifier>
    </Filter>
    <Filter Include="include">
      <UniqueIdentifier>{1e6e7c46-33da-4670-8021-898a8193d691}</UniqueIdentifier>
    </Filter>
    <Filter Include="launch">
      <UniqueIdentifier>{4b96d9ec-f3bc-40d8-9af5-2cc8fdd8265c}</UniqueIdentifier>
    </Filter>
    <Filter Include="cfg">
      <UniqueIdentifier>{3060798e-1425-493a-874f-5d55fb5ae1f0}</UniqueIdentifier>
    </Filter>
    <Filter Include="include\sensor_processors">
      <UniqueIdentifier>{bce3ef08-f909-4aae-90d8-a2c4b381c17e}</UniqueIdentifier>
    </Filter>
    <Filter Include="src\sensor_processors">
      <UniqueIdentifier>{ba2dceea-d223-4ee9-a4a8-7017057921c9}</UniqueIdentifier>
    </Filter>
  </ItemGroup>
  <ItemGroup>
    <None Include="rex_gridmapping-Debug.vgdbsettings">
      <Filter>VisualGDB settings</Filter>
    </None>
    <None Include="rex_gridmapping-Release.vgdbsettings">
      <Filter>VisualGDB settings</Filter>
    </None>
    <None Include="launch\zed.launch">
      <Filter>launch</Filter>
    </None>
    <None Include="launch\visualization.launch">
      <Filter>launch</Filter>
    </None>
  </ItemGroup>
  <ItemGroup>
    <Text Include="CMakeLists.txt" />
  </ItemGroup>
  <ItemGroup>
    <Xml Include="package.xml" />
  </ItemGroup>
  <ItemGroup>
    <ClInclude Include="include\rex_gridmapping\ElevationMap.hpp">
      <Filter>include</Filter>
    </ClInclude>
    <ClInclude Include="include\rex_gridmapping\ElevationMapFunctors.hpp">
      <Filter>include</Filter>
    </ClInclude>
    <ClInclude Include="include\rex_gridmapping\ElevationMapping.hpp">
      <Filter>include</Filter>
    </ClInclude>
    <ClInclude Include="include\rex_gridmapping\RobotMotionMapUpdater.hpp">
      <Filter>include</Filter>
    </ClInclude>
    <ClInclude Include="include\rex_gridmapping\sensor_processors\KinectSensorProcessor.hpp">
      <Filter>include\sensor_processors</Filter>
    </ClInclude>
    <ClInclude Include="include\rex_gridmapping\sensor_processors\LaserSensorProcessor.hpp">
      <Filter>include\sensor_processors</Filter>
    </ClInclude>
    <ClInclude Include="include\rex_gridmapping\sensor_processors\PerfectSensorProcessor.hpp">
      <Filter>include\sensor_processors</Filter>
    </ClInclude>
    <ClInclude Include="include\rex_gridmapping\sensor_processors\SensorProcessorBase.hpp">
      <Filter>include\sensor_processors</Filter>
    </ClInclude>
    <ClInclude Include="include\rex_gridmapping\sensor_processors\StereoSensorProcessor.hpp">
      <Filter>include\sensor_processors</Filter>
    </ClInclude>
    <ClInclude Include="include\rex_gridmapping\sensor_processors\Stereo2SensorProcessor.hpp">
      <Filter>include\sensor_processors</Filter>
    </ClInclude>
  </ItemGroup>
  <ItemGroup>
    <ClCompile Include="src\elevation_mapping_node.cpp">
      <Filter>src</Filter>
    </ClCompile>
    <ClCompile Include="src\ElevationMap.cpp">
      <Filter>src</Filter>
    </ClCompile>
    <ClCompile Include="src\ElevationMapping.cpp">
      <Filter>src</Filter>
    </ClCompile>
    <ClCompile Include="src\RobotMotionMapUpdater.cpp">
      <Filter>src</Filter>
    </ClCompile>
    <ClCompile Include="src\sensor_processors\LaserSensorProcessor.cpp">
      <Filter>src\sensor_processors</Filter>
    </ClCompile>
    <ClCompile Include="src\sensor_processors\PerfectSensorProcessor.cpp">
      <Filter>src\sensor_processors</Filter>
    </ClCompile>
    <ClCompile Include="src\sensor_processors\SensorProcessorBase.cpp">
      <Filter>src\sensor_processors</Filter>
    </ClCompile>
    <ClCompile Include="src\sensor_processors\Stereo2SensorProcessor.cpp">
      <Filter>src\sensor_processors</Filter>
    </ClCompile>
    <ClCompile Include="src\sensor_processors\StereoSensorProcessor.cpp">
      <Filter>src\sensor_processors</Filter>
    </ClCompile>
    <ClCompile Include="src\sensor_processors\KinectSensorProcessor.cpp">
      <Filter>src\sensor_processors</Filter>
    </ClCompile>
  </ItemGroup>
</Project>